
Microsoft Visual Studio Solution File, Format Version 12.00
# Visual Studio 15
VisualStudioVersion = 15.0.27703.2035
MinimumVisualStudioVersion = 10.0.40219.1
Project("{FAE04EC0-301F-11D3-BF4B-00C04F79EFBC}") = "HMFSeat", "HMFSeat\HMFSeat.csproj", "{3534F5AC-4B08-4995-B407-1CB24293787E}"
EndProject
Global
	GlobalSection(SolutionConfigurationPlatforms) = preSolution
		Debug|Any CPU = Debug|Any CPU
		Release|Any CPU = Release|Any CPU
	EndGlobalSection
	GlobalSection(ProjectConfigurationPlatforms) = postSolution
		{3534F5AC-4B08-4995-B407-1CB24293787E}.Debug|Any CPU.ActiveCfg = Debug|Any CPU
		{3534F5AC-4B08-4995-B407-1CB24293787E}.Debug|Any CPU.Build.0 = Debug|Any CPU
		{3534F5AC-4B08-4995-B407-1CB24293787E}.Release|Any CPU.ActiveCfg = Release|Any CPU
		{3534F5AC-4B08-4995-B407-1CB24293787E}.Release|Any CPU.Build.0 = Release|Any CPU
	EndGlobalSection
	GlobalSection(SolutionProperties) = preSolution
		HideSolutionNode = FALSE
	EndGlobalSection
	GlobalSection(ExtensibilityGlobals) = postSolution
		SolutionGuid = {6AF1B361-528E-4D02-A194-B74C1A2E70E9}
	EndGlobalSection
EndGlobal
